
Microsoft Visual Studio Solution File, Format Version 12.00
# Visual Studio Version 17
VisualStudioVersion = 17.13.35825.156
MinimumVisualStudioVersion = 10.0.40219.1
Project("{FAE04EC0-301F-11D3-BF4B-00C04F79EFBC}") = "RobotCarRest.Service", "RobotCarRest.Service\RobotCarRest.Service.csproj", "{FC295C00-4E22-48F7-93EB-3EADBEB0A1E3}"
EndProject
Project("{FAE04EC0-301F-11D3-BF4B-00C04F79EFBC}") = "RobotCarRest.UnitTests", "RobotCarRest.UnitTests\RobotCarRest.UnitTests.csproj", "{AE5BF835-7EFF-42D2-A8FB-5B8445FD43B3}"
EndProject
Global
	GlobalSection(SolutionConfigurationPlatforms) = preSolution
		Debug|Any CPU = Debug|Any CPU
		Debug|ARM64 = Debug|ARM64
		Release|Any CPU = Release|Any CPU
		Release|ARM64 = Release|ARM64
	EndGlobalSection
	GlobalSection(ProjectConfigurationPlatforms) = postSolution
		{FC295C00-4E22-48F7-93EB-3EADBEB0A1E3}.Debug|Any CPU.ActiveCfg = Debug|Any CPU
		{FC295C00-4E22-48F7-93EB-3EADBEB0A1E3}.Debug|Any CPU.Build.0 = Debug|Any CPU
		{FC295C00-4E22-48F7-93EB-3EADBEB0A1E3}.Debug|ARM64.ActiveCfg = Debug|ARM64
		{FC295C00-4E22-48F7-93EB-3EADBEB0A1E3}.Debug|ARM64.Build.0 = Debug|ARM64
		{FC295C00-4E22-48F7-93EB-3EADBEB0A1E3}.Release|Any CPU.ActiveCfg = Release|Any CPU
		{FC295C00-4E22-48F7-93EB-3EADBEB0A1E3}.Release|Any CPU.Build.0 = Release|Any CPU
		{FC295C00-4E22-48F7-93EB-3EADBEB0A1E3}.Release|ARM64.ActiveCfg = Release|ARM64
		{FC295C00-4E22-48F7-93EB-3EADBEB0A1E3}.Release|ARM64.Build.0 = Release|ARM64
		{AE5BF835-7EFF-42D2-A8FB-5B8445FD43B3}.Debug|Any CPU.ActiveCfg = Debug|Any CPU
		{AE5BF835-7EFF-42D2-A8FB-5B8445FD43B3}.Debug|Any CPU.Build.0 = Debug|Any CPU
		{AE5BF835-7EFF-42D2-A8FB-5B8445FD43B3}.Debug|ARM64.ActiveCfg = Debug|Any CPU
		{AE5BF835-7EFF-42D2-A8FB-5B8445FD43B3}.Debug|ARM64.Build.0 = Debug|Any CPU
		{AE5BF835-7EFF-42D2-A8FB-5B8445FD43B3}.Release|Any CPU.ActiveCfg = Release|Any CPU
		{AE5BF835-7EFF-42D2-A8FB-5B8445FD43B3}.Release|Any CPU.Build.0 = Release|Any CPU
		{AE5BF835-7EFF-42D2-A8FB-5B8445FD43B3}.Release|ARM64.ActiveCfg = Release|Any CPU
		{AE5BF835-7EFF-42D2-A8FB-5B8445FD43B3}.Release|ARM64.Build.0 = Release|Any CPU
	EndGlobalSection
	GlobalSection(SolutionProperties) = preSolution
		HideSolutionNode = FALSE
	EndGlobalSection
	GlobalSection(ExtensibilityGlobals) = postSolution
		SolutionGuid = {854BEEDE-0A8B-4176-B9AF-ECE9B5D19E5A}
	EndGlobalSection
EndGlobal
